
Microsoft Visual Studio Solution File, Format Version 12.00
# Visual Studio Version 16
VisualStudioVersion = 16.0.28803.156
MinimumVisualStudioVersion = 10.0.40219.1
Project("{FAE04EC0-301F-11D3-BF4B-00C04F79EFBC}") = "task163", "task163\task163.csproj", "{DDB4ABD3-0AA3-473B-8879-64D9FFCDF8F1}"
EndProject
Global
	GlobalSection(SolutionConfigurationPlatforms) = preSolution
		Debug|Any CPU = Debug|Any CPU
		Release|Any CPU = Release|Any CPU
	EndGlobalSection
	GlobalSection(ProjectConfigurationPlatforms) = postSolution
		{DDB4ABD3-0AA3-473B-8879-64D9FFCDF8F1}.Debug|Any CPU.ActiveCfg = Debug|Any CPU
		{DDB4ABD3-0AA3-473B-8879-64D9FFCDF8F1}.Debug|Any CPU.Build.0 = Debug|Any CPU
		{DDB4ABD3-0AA3-473B-8879-64D9FFCDF8F1}.Release|Any CPU.ActiveCfg = Release|Any CPU
		{DDB4ABD3-0AA3-473B-8879-64D9FFCDF8F1}.Release|Any CPU.Build.0 = Release|Any CPU
	EndGlobalSection
	GlobalSection(SolutionProperties) = preSolution
		HideSolutionNode = FALSE
	EndGlobalSection
	GlobalSection(ExtensibilityGlobals) = postSolution
		SolutionGuid = {EF4E8AE6-C801-4D86-B921-B4B48D3672D0}
	EndGlobalSection
EndGlobal
