
Microsoft Visual Studio Solution File, Format Version 12.00
# Visual Studio 15
VisualStudioVersion = 15.0.28307.438
MinimumVisualStudioVersion = 10.0.40219.1
Project("{FAE04EC0-301F-11D3-BF4B-00C04F79EFBC}") = "task201", "task201\task201.csproj", "{C4637EC9-68E4-4C93-AB22-F429515FE56A}"
EndProject
Global
	GlobalSection(SolutionConfigurationPlatforms) = preSolution
		Debug|Any CPU = Debug|Any CPU
		Release|Any CPU = Release|Any CPU
	EndGlobalSection
	GlobalSection(ProjectConfigurationPlatforms) = postSolution
		{C4637EC9-68E4-4C93-AB22-F429515FE56A}.Debug|Any CPU.ActiveCfg = Debug|Any CPU
		{C4637EC9-68E4-4C93-AB22-F429515FE56A}.Debug|Any CPU.Build.0 = Debug|Any CPU
		{C4637EC9-68E4-4C93-AB22-F429515FE56A}.Release|Any CPU.ActiveCfg = Release|Any CPU
		{C4637EC9-68E4-4C93-AB22-F429515FE56A}.Release|Any CPU.Build.0 = Release|Any CPU
	EndGlobalSection
	GlobalSection(SolutionProperties) = preSolution
		HideSolutionNode = FALSE
	EndGlobalSection
	GlobalSection(ExtensibilityGlobals) = postSolution
		SolutionGuid = {E0948294-4717-4AAB-9D8B-D5B03C707D3E}
	EndGlobalSection
EndGlobal
