
Microsoft Visual Studio Solution File, Format Version 12.00
# Visual Studio Version 16
VisualStudioVersion = 16.0.28803.156
MinimumVisualStudioVersion = 10.0.40219.1
Project("{FAE04EC0-301F-11D3-BF4B-00C04F79EFBC}") = "task387", "task387\task387.csproj", "{591C4E77-870E-473D-B7B9-6468C1745CF3}"
EndProject
Global
	GlobalSection(SolutionConfigurationPlatforms) = preSolution
		Debug|Any CPU = Debug|Any CPU
		Release|Any CPU = Release|Any CPU
	EndGlobalSection
	GlobalSection(ProjectConfigurationPlatforms) = postSolution
		{591C4E77-870E-473D-B7B9-6468C1745CF3}.Debug|Any CPU.ActiveCfg = Debug|Any CPU
		{591C4E77-870E-473D-B7B9-6468C1745CF3}.Debug|Any CPU.Build.0 = Debug|Any CPU
		{591C4E77-870E-473D-B7B9-6468C1745CF3}.Release|Any CPU.ActiveCfg = Release|Any CPU
		{591C4E77-870E-473D-B7B9-6468C1745CF3}.Release|Any CPU.Build.0 = Release|Any CPU
	EndGlobalSection
	GlobalSection(SolutionProperties) = preSolution
		HideSolutionNode = FALSE
	EndGlobalSection
	GlobalSection(ExtensibilityGlobals) = postSolution
		SolutionGuid = {8B8B3BBB-058F-4321-8FE9-EFE893458B42}
	EndGlobalSection
EndGlobal
