
Microsoft Visual Studio Solution File, Format Version 12.00
# Visual Studio Version 16
VisualStudioVersion = 16.0.28803.156
MinimumVisualStudioVersion = 10.0.40219.1
Project("{FAE04EC0-301F-11D3-BF4B-00C04F79EFBC}") = "task164", "task164\task164.csproj", "{3367C76E-4775-4F72-AD6B-A1C312517702}"
EndProject
Global
	GlobalSection(SolutionConfigurationPlatforms) = preSolution
		Debug|Any CPU = Debug|Any CPU
		Release|Any CPU = Release|Any CPU
	EndGlobalSection
	GlobalSection(ProjectConfigurationPlatforms) = postSolution
		{3367C76E-4775-4F72-AD6B-A1C312517702}.Debug|Any CPU.ActiveCfg = Debug|Any CPU
		{3367C76E-4775-4F72-AD6B-A1C312517702}.Debug|Any CPU.Build.0 = Debug|Any CPU
		{3367C76E-4775-4F72-AD6B-A1C312517702}.Release|Any CPU.ActiveCfg = Release|Any CPU
		{3367C76E-4775-4F72-AD6B-A1C312517702}.Release|Any CPU.Build.0 = Release|Any CPU
	EndGlobalSection
	GlobalSection(SolutionProperties) = preSolution
		HideSolutionNode = FALSE
	EndGlobalSection
	GlobalSection(ExtensibilityGlobals) = postSolution
		SolutionGuid = {B1C1E3B9-7C7A-4820-BA10-BB6D3D00E1AE}
	EndGlobalSection
EndGlobal
