
Microsoft Visual Studio Solution File, Format Version 12.00
# Visual Studio Version 16
VisualStudioVersion = 16.0.28803.156
MinimumVisualStudioVersion = 10.0.40219.1
Project("{FAE04EC0-301F-11D3-BF4B-00C04F79EFBC}") = "task252", "task252\task252.csproj", "{FE2C30F6-4854-4A69-8DFF-483AE3D8ACBB}"
EndProject
Global
	GlobalSection(SolutionConfigurationPlatforms) = preSolution
		Debug|Any CPU = Debug|Any CPU
		Release|Any CPU = Release|Any CPU
	EndGlobalSection
	GlobalSection(ProjectConfigurationPlatforms) = postSolution
		{FE2C30F6-4854-4A69-8DFF-483AE3D8ACBB}.Debug|Any CPU.ActiveCfg = Debug|Any CPU
		{FE2C30F6-4854-4A69-8DFF-483AE3D8ACBB}.Debug|Any CPU.Build.0 = Debug|Any CPU
		{FE2C30F6-4854-4A69-8DFF-483AE3D8ACBB}.Release|Any CPU.ActiveCfg = Release|Any CPU
		{FE2C30F6-4854-4A69-8DFF-483AE3D8ACBB}.Release|Any CPU.Build.0 = Release|Any CPU
	EndGlobalSection
	GlobalSection(SolutionProperties) = preSolution
		HideSolutionNode = FALSE
	EndGlobalSection
	GlobalSection(ExtensibilityGlobals) = postSolution
		SolutionGuid = {EBBF7A88-4287-44E2-A110-2BAE134F8036}
	EndGlobalSection
EndGlobal
